
Microsoft Visual Studio Solution File, Format Version 12.00
# Visual Studio 15
Project("{FAE04EC0-301F-11D3-BF4B-00C04F79EFBC}") = "Assembly-CSharp", "Assembly-CSharp.csproj", "{6395A818-E131-4FD2-8F3C-3A7321B4232D}"
EndProject
Global
	GlobalSection(SolutionConfigurationPlatforms) = preSolution
		Debug|Any CPU = Debug|Any CPU
		Release|Any CPU = Release|Any CPU
	EndGlobalSection
	GlobalSection(ProjectConfigurationPlatforms) = postSolution
		{6395A818-E131-4FD2-8F3C-3A7321B4232D}.Debug|Any CPU.ActiveCfg = Debug|Any CPU
		{6395A818-E131-4FD2-8F3C-3A7321B4232D}.Debug|Any CPU.Build.0 = Debug|Any CPU
		{6395A818-E131-4FD2-8F3C-3A7321B4232D}.Release|Any CPU.ActiveCfg = Release|Any CPU
		{6395A818-E131-4FD2-8F3C-3A7321B4232D}.Release|Any CPU.Build.0 = Release|Any CPU
	EndGlobalSection
	GlobalSection(SolutionProperties) = preSolution
		HideSolutionNode = FALSE
	EndGlobalSection
EndGlobal
